{
  "lockfile_version": "1",
  "packages": {
    "bun@1.2.22": {
      "last_modified": "2025-09-18T16:33:27Z",
      "resolved": "github:NixOS/nixpkgs/f4b140d5b253f5e2a1ff4e5506edbf8267724bde#bun",
      "source": "devbox-search",
      "version": "1.2.22",
      "systems": {
        "aarch64-darwin": {
          "outputs": [
            {
              "name": "out",
              "path": "/nix/store/ynr81p4vacl5fm41yzfzwqz3qsbimqdi-bun-1.2.22",
              "default": true
            }
          ],
          "store_path": "/nix/store/ynr81p4vacl5fm41yzfzwqz3qsbimqdi-bun-1.2.22"
        },
        "aarch64-linux": {
          "outputs": [
            {
              "name": "out",
              "path": "/nix/store/3lr6lisc7lx9l4cb8z617qf4bhk8nr2i-bun-1.2.22",
              "default": true
            }
          ],
          "store_path": "/nix/store/3lr6lisc7lx9l4cb8z617qf4bhk8nr2i-bun-1.2.22"
        },
        "x86_64-darwin": {
          "outputs": [
            {
              "name": "out",
              "path": "/nix/store/dajhqvr0cds9ac7dd9qzvf8hzf8qynhf-bun-1.2.22",
              "default": true
            }
          ],
          "store_path": "/nix/store/dajhqvr0cds9ac7dd9qzvf8hzf8qynhf-bun-1.2.22"
        },
        "x86_64-linux": {
          "outputs": [
            {
              "name": "out",
              "path": "/nix/store/agx30ycjfl49caxq6p7p78cm8r4w8cn1-bun-1.2.22",
              "default": true
            }
          ],
          "store_path": "/nix/store/agx30ycjfl49caxq6p7p78cm8r4w8cn1-bun-1.2.22"
        }
      }
    },
    "github:NixOS/nixpkgs/nixpkgs-unstable": {
      "last_modified": "2026-07-23T05:10:05Z",
      "resolved": "github:NixOS/nixpkgs/7525d999cd850b9a488817abc89c75dc733acf17?lastModified=1784783405&narHash=sha256-4IHyyLgLBdKefkljdKod4IMn023pQiDXAWJA187cmdY%3D"
    }
  }
}
